lockfileVersion: '9.0'

settings:
  autoInstallPeers: true
  excludeLinksFromLockfile: false

importers:

  .:
    devDependencies:
      '@types/node':
        specifier: ^22.10.2
        version: 22.19.3
      husky:
        specifier: ^6.0.0
        version: 6.0.0
      oxfmt:
        specifier: ^0.20.0
        version: 0.20.0
      oxlint:
        specifier: ^1.35.0
        version: 1.35.0(oxlint-tsgolint@0.10.0)
      oxlint-tsgolint:
        specifier: ^0.10.0
        version: 0.10.0
      rolldown:
        specifier: ^1.0.0-beta.57
        version: 1.0.0-beta.57
      tsx:
        specifier: ^4.19.2
        version: 4.21.0
      typescript:
        specifier: ^5.7.2
        version: 5.9.3

packages:

  '@emnapi/core@1.7.1':
    resolution: {integrity: sha512-o1uhUASyo921r2XtHYOHy7gdkGLge8ghBEQHMWmyJFoXlpU58kIrhhN3w26lpQb6dspetweapMn2CSNwQ8I4wg==}

  '@emnapi/runtime@1.7.1':
    resolution: {integrity: sha512-PVtJr5CmLwYAU9PZDMITZoR5iAOShYREoR45EyyLrbntV50mdePTgUn4AmOw90Ifcj+x2kRjdzr1HP3RrNiHGA==}

  '@emnapi/wasi-threads@1.1.0':
    resolution: {integrity: sha512-WI0DdZ8xFSbgMjR1sFsKABJ/C5OnRrjT06JXbZKexJGrDuPTzZdDYfFlsgcCXCyf+suG5QU2e/y1Wo2V/OapLQ==}

  '@esbuild/aix-ppc64@0.27.2':
    resolution: {integrity: sha512-GZMB+a0mOMZs4MpDbj8RJp4cw+w1WV5NYD6xzgvzUJ5Ek2jerwfO2eADyI6ExDSUED+1X8aMbegahsJi+8mgpw==}
    engines: {node: '>=18'}
    cpu: [ppc64]
    os: [aix]

  '@esbuild/android-arm64@0.27.2':
    resolution: {integrity: sha512-pvz8ZZ7ot/RBphf8fv60ljmaoydPU12VuXHImtAs0XhLLw+EXBi2BLe3OYSBslR4rryHvweW5gmkKFwTiFy6KA==}
    engines: {node: '>=18'}
    cpu: [arm64]
    os: [android]

  '@esbuild/android-arm@0.27.2':
    resolution: {integrity: sha512-DVNI8jlPa7Ujbr1yjU2PfUSRtAUZPG9I1RwW4F4xFB1Imiu2on0ADiI/c3td+KmDtVKNbi+nffGDQMfcIMkwIA==}
    engines: {node: '>=18'}
    cpu: [arm]
    os: [android]

  '@esbuild/android-x64@0.27.2':
    resolution: {integrity: sha512-z8Ank4Byh4TJJOh4wpz8g2vDy75zFL0TlZlkUkEwYXuPSgX8yzep596n6mT7905kA9uHZsf/o2OJZubl2l3M7A==}
    engines: {node: '>=18'}
    cpu: [x64]
    os: [android]

  '@esbuild/darwin-arm64@0.27.2':
    resolution: {integrity: sha512-davCD2Zc80nzDVRwXTcQP/28fiJbcOwvdolL0sOiOsbwBa72kegmVU0Wrh1MYrbuCL98Omp5dVhQFWRKR2ZAlg==}
    engines: {node: '>=18'}
    cpu: [arm64]
    os: [darwin]

  '@esbuild/darwin-x64@0.27.2':
    resolution: {integrity: sha512-ZxtijOmlQCBWGwbVmwOF/UCzuGIbUkqB1faQRf5akQmxRJ1ujusWsb3CVfk/9iZKr2L5SMU5wPBi1UWbvL+VQA==}
    engines: {node: '>=18'}
    cpu: [x64]
    os: [darwin]

  '@esbuild/freebsd-arm64@0.27.2':
    resolution: {integrity: sha512-lS/9CN+rgqQ9czogxlMcBMGd+l8Q3Nj1MFQwBZJyoEKI50XGxwuzznYdwcav6lpOGv5BqaZXqvBSiB/kJ5op+g==}
    engines: {node: '>=18'}
    cpu: [arm64]
    os: [freebsd]

  '@esbuild/freebsd-x64@0.27.2':
    resolution: {integrity: sha512-tAfqtNYb4YgPnJlEFu4c212HYjQWSO/w/h/lQaBK7RbwGIkBOuNKQI9tqWzx7Wtp7bTPaGC6MJvWI608P3wXYA==}
    engines: {node: '>=18'}
    cpu: [x64]
    os: [freebsd]

  '@esbuild/linux-arm64@0.27.2':
    resolution: {integrity: sha512-hYxN8pr66NsCCiRFkHUAsxylNOcAQaxSSkHMMjcpx0si13t1LHFphxJZUiGwojB1a/Hd5OiPIqDdXONia6bhTw==}
    engines: {node: '>=18'}
    cpu: [arm64]
    os: [linux]

  '@esbuild/linux-arm@0.27.2':
    resolution: {integrity: sha512-vWfq4GaIMP9AIe4yj1ZUW18RDhx6EPQKjwe7n8BbIecFtCQG4CfHGaHuh7fdfq+y3LIA2vGS/o9ZBGVxIDi9hw==}
    engines: {node: '>=18'}
    cpu: [arm]
    os: [linux]

  '@esbuild/linux-ia32@0.27.2':
    resolution: {integrity: sha512-MJt5BRRSScPDwG2hLelYhAAKh9imjHK5+NE/tvnRLbIqUWa+0E9N4WNMjmp/kXXPHZGqPLxggwVhz7QP8CTR8w==}
    engines: {node: '>=18'}
    cpu: [ia32]
    os: [linux]

  '@esbuild/linux-loong64@0.27.2':
    resolution: {integrity: sha512-lugyF1atnAT463aO6KPshVCJK5NgRnU4yb3FUumyVz+cGvZbontBgzeGFO1nF+dPueHD367a2ZXe1NtUkAjOtg==}
    engines: {node: '>=18'}
    cpu: [loong64]
    os: [linux]

  '@esbuild/linux-mips64el@0.27.2':
    resolution: {integrity: sha512-nlP2I6ArEBewvJ2gjrrkESEZkB5mIoaTswuqNFRv/WYd+ATtUpe9Y09RnJvgvdag7he0OWgEZWhviS1OTOKixw==}
    engines: {node: '>=18'}
    cpu: [mips64el]
    os: [linux]

  '@esbuild/linux-ppc64@0.27.2':
    resolution: {integrity: sha512-C92gnpey7tUQONqg1n6dKVbx3vphKtTHJaNG2Ok9lGwbZil6DrfyecMsp9CrmXGQJmZ7iiVXvvZH6Ml5hL6XdQ==}
    engines: {node: '>=18'}
    cpu: [ppc64]
    os: [linux]

  '@esbuild/linux-riscv64@0.27.2':
    resolution: {integrity: sha512-B5BOmojNtUyN8AXlK0QJyvjEZkWwy/FKvakkTDCziX95AowLZKR6aCDhG7LeF7uMCXEJqwa8Bejz5LTPYm8AvA==}
    engines: {node: '>=18'}
    cpu: [riscv64]
    os: [linux]

  '@esbuild/linux-s390x@0.27.2':
    resolution: {integrity: sha512-p4bm9+wsPwup5Z8f4EpfN63qNagQ47Ua2znaqGH6bqLlmJ4bx97Y9JdqxgGZ6Y8xVTixUnEkoKSHcpRlDnNr5w==}
    engines: {node: '>=18'}
    cpu: [s390x]
    os: [linux]

  '@esbuild/linux-x64@0.27.2':
    resolution: {integrity: sha512-uwp2Tip5aPmH+NRUwTcfLb+W32WXjpFejTIOWZFw/v7/KnpCDKG66u4DLcurQpiYTiYwQ9B7KOeMJvLCu/OvbA==}
    engines: {node: '>=18'}
    cpu: [x64]
    os: [linux]

  '@esbuild/netbsd-arm64@0.27.2':
    resolution: {integrity: sha512-Kj6DiBlwXrPsCRDeRvGAUb/LNrBASrfqAIok+xB0LxK8CHqxZ037viF13ugfsIpePH93mX7xfJp97cyDuTZ3cw==}
    engines: {node: '>=18'}
    cpu: [arm64]
    os: [netbsd]

  '@esbuild/netbsd-x64@0.27.2':
    resolution: {integrity: sha512-HwGDZ0VLVBY3Y+Nw0JexZy9o/nUAWq9MlV7cahpaXKW6TOzfVno3y3/M8Ga8u8Yr7GldLOov27xiCnqRZf0tCA==}
    engines: {node: '>=18'}
    cpu: [x64]
    os: [netbsd]

  '@esbuild/openbsd-arm64@0.27.2':
    resolution: {integrity: sha512-DNIHH2BPQ5551A7oSHD0CKbwIA/Ox7+78/AWkbS5QoRzaqlev2uFayfSxq68EkonB+IKjiuxBFoV8ESJy8bOHA==}
    engines: {node: '>=18'}
    cpu: [arm64]
    os: [openbsd]

  '@esbuild/openbsd-x64@0.27.2':
    resolution: {integrity: sha512-/it7w9Nb7+0KFIzjalNJVR5bOzA9Vay+yIPLVHfIQYG/j+j9VTH84aNB8ExGKPU4AzfaEvN9/V4HV+F+vo8OEg==}
    engines: {node: '>=18'}
    cpu: [x64]
    os: [openbsd]

  '@esbuild/openharmony-arm64@0.27.2':
    resolution: {integrity: sha512-LRBbCmiU51IXfeXk59csuX/aSaToeG7w48nMwA6049Y4J4+VbWALAuXcs+qcD04rHDuSCSRKdmY63sruDS5qag==}
    engines: {node: '>=18'}
    cpu: [arm64]
    os: [openharmony]

  '@esbuild/sunos-x64@0.27.2':
    resolution: {integrity: sha512-kMtx1yqJHTmqaqHPAzKCAkDaKsffmXkPHThSfRwZGyuqyIeBvf08KSsYXl+abf5HDAPMJIPnbBfXvP2ZC2TfHg==}
    engines: {node: '>=18'}
    cpu: [x64]
    os: [sunos]

  '@esbuild/win32-arm64@0.27.2':
    resolution: {integrity: sha512-Yaf78O/B3Kkh+nKABUF++bvJv5Ijoy9AN1ww904rOXZFLWVc5OLOfL56W+C8F9xn5JQZa3UX6m+IktJnIb1Jjg==}
    engines: {node: '>=18'}
    cpu: [arm64]
    os: [win32]

  '@esbuild/win32-ia32@0.27.2':
    resolution: {integrity: sha512-Iuws0kxo4yusk7sw70Xa2E2imZU5HoixzxfGCdxwBdhiDgt9vX9VUCBhqcwY7/uh//78A1hMkkROMJq9l27oLQ==}
    engines: {node: '>=18'}
    cpu: [ia32]
    os: [win32]

  '@esbuild/win32-x64@0.27.2':
    resolution: {integrity: sha512-sRdU18mcKf7F+YgheI/zGf5alZatMUTKj/jNS6l744f9u3WFu4v7twcUI9vu4mknF4Y9aDlblIie0IM+5xxaqQ==}
    engines: {node: '>=18'}
    cpu: [x64]
    os: [win32]

  '@napi-rs/wasm-runtime@1.1.0':
    resolution: {integrity: sha512-Fq6DJW+Bb5jaWE69/qOE0D1TUN9+6uWhCeZpdnSBk14pjLcCWR7Q8n49PTSPHazM37JqrsdpEthXy2xn6jWWiA==}

  '@oxc-project/types@0.103.0':
    resolution: {integrity: sha512-bkiYX5kaXWwUessFRSoXFkGIQTmc6dLGdxuRTrC+h8PSnIdZyuXHHlLAeTmOue5Br/a0/a7dHH0Gca6eXn9MKg==}

  '@oxfmt/darwin-arm64@0.20.0':
    resolution: {integrity: sha512-bjR5dqvrd9gxKYfYR0ljUu3/T3+TuDVWcwA7d+tsfmx9lqidlw3zhgBTblnjF1mrd1zkPMoc5zzq86GeSEt1cA==}
    cpu: [arm64]
    os: [darwin]

  '@oxfmt/darwin-x64@0.20.0':
    resolution: {integrity: sha512-esUDes8FlJX3IY4TVjFLgZrnZlIIyPDlhkCaHgGR3+z2eHFZOvQu68kTSpZLCEJmGXdSpU5rlveycQ6n8tk9ew==}
    cpu: [x64]
    os: [darwin]

  '@oxfmt/linux-arm64-gnu@0.20.0':
    resolution: {integrity: sha512-irE0RO9B0R6ziQE6kUVZtZ6IuTdRyuumn1cPWhDfpa0XUa5sE0ly8pjVsvJbj/J9qerVtidU05txeXBB5CirQg==}
    cpu: [arm64]
    os: [linux]

  '@oxfmt/linux-arm64-musl@0.20.0':
    resolution: {integrity: sha512-eXPBLwYJm26DCmwMwhelEwQMRwuGNaYhYZOhd+CYYsmVoF+h6L6dtjwj0Ovuu0Gqh18EL8vfsaoUvb+jr3vEBg==}
    cpu: [arm64]
    os: [linux]

  '@oxfmt/linux-x64-gnu@0.20.0':
    resolution: {integrity: sha512-dTPW38Hjgb7LoD2mNgyQGBaJ1hu5YgPrxImhl5Eb04eiws+ETCM0wrb2TWGduA+Nv3rHKn3vZEkMTEjklZXgRw==}
    cpu: [x64]
    os: [linux]

  '@oxfmt/linux-x64-musl@0.20.0':
    resolution: {integrity: sha512-b4duw9JGDK/kZoqrPNU9tBOOZQdUW8KJPZ7gW7z54X1eGSqCJ1PT0XLNmZ7SOA1BzQwQ0a3qmQWfFVOsH3a5bw==}
    cpu: [x64]
    os: [linux]

  '@oxfmt/win32-arm64@0.20.0':
    resolution: {integrity: sha512-XAzvBhw4K+Fe16dBaFgYAdob9WaM8RYEXl0ibbm5NlNaQEq+5bH9xwc0oaYlHFnLfcgXWmn9ceTAYqNlONQRNA==}
    cpu: [arm64]
    os: [win32]

  '@oxfmt/win32-x64@0.20.0':
    resolution: {integrity: sha512-fkJqHbJaoOMRmrjHSljyb4/7BgXO3xPLBsJSFGtm3mpfW0HHFbAKvd4/6njhqJz9KY+b3RWP1WssjFshcqQQ4w==}
    cpu: [x64]
    os: [win32]

  '@oxlint-tsgolint/darwin-arm64@0.10.0':
    resolution: {integrity: sha512-mhBF/pjey0UdLL1ocU46Fqta+uJuRfqrLfDpcViRg17BtDiUNd8JY9iN2FOoS2HGSCAgCUjZ0AZkwkHwFs/VTw==}
    cpu: [arm64]
    os: [darwin]

  '@oxlint-tsgolint/darwin-x64@0.10.0':
    resolution: {integrity: sha512-roLi34mw/i1z+NS7luboix55SXyhVv38dNUTcRDkk+0lNPzI9ngrM+1y1N2oBSUmz5o9OZGnfJJ7BSGCw/fFEQ==}
    cpu: [x64]
    os: [darwin]

  '@oxlint-tsgolint/linux-arm64@0.10.0':
    resolution: {integrity: sha512-HL9NThPH1V2F6l9XhwNmhQZUknN4m4yQYEvQFFGfZTYN6cvEEBIiqfF4KvBUg8c0xadMbQlW+Ug7/ybA9Nn+CA==}
    cpu: [arm64]
    os: [linux]

  '@oxlint-tsgolint/linux-x64@0.10.0':
    resolution: {integrity: sha512-Tw8QNq8ab+4+qE5krvJyMA66v6XE3GoiISRD5WmJ7YOxUnu//jSw/bBm7OYf/TNEZyeV0BTR7zXzhT5R+VFWlQ==}
    cpu: [x64]
    os: [linux]

  '@oxlint-tsgolint/win32-arm64@0.10.0':
    resolution: {integrity: sha512-LTogmTRwpwQqVaH1Ama8Wd5/VVZWBSF8v5qTbeT628+1F5Kt1V5eHBvyFh4oN18UCZlgqrh7DqkDhsieXUaC8Q==}
    cpu: [arm64]
    os: [win32]

  '@oxlint-tsgolint/win32-x64@0.10.0':
    resolution: {integrity: sha512-ygqxx8EmNWy9/wCQS5uXq9k/o2EyYNwNxY1ZHNzlmZC/kV06Aemx5OBDafefawBNqH7xTZPfccUrjdiy+QlTrw==}
    cpu: [x64]
    os: [win32]

  '@oxlint/darwin-arm64@1.35.0':
    resolution: {integrity: sha512-ieiYVHkNZPo77Hgrxav595wGS4rRNKuDNrljf+4xhwpJsddrxMpM64IQUf2IvR3MhK4FxdGzhhB6OVmGVHY5/w==}
    cpu: [arm64]
    os: [darwin]

  '@oxlint/darwin-x64@1.35.0':
    resolution: {integrity: sha512-1jNHu3j66X5jKySvgtE+jGtjx4ye+xioAucVTi2IuROZO6keK2YG74pnD+9FT+DpWZAtWRZGoW0r0x6aN9sEEg==}
    cpu: [x64]
    os: [darwin]

  '@oxlint/linux-arm64-gnu@1.35.0':
    resolution: {integrity: sha512-T1lc0UaYbTxZyqVpLfC7eipbauNG8pBpkaZEW4JGz8Y68rxTH7d9s+CF0zxUxNr5RCtcmT669RLVjQT7VrKVLg==}
    cpu: [arm64]
    os: [linux]

  '@oxlint/linux-arm64-musl@1.35.0':
    resolution: {integrity: sha512-7Wv5Pke9kwWKFycUziSHsmi3EM0389TLzraB0KE/MArrKxx30ycwfJ5PYoMj9ERoW+Ybs0txdaOF/xJy/XyYkg==}
    cpu: [arm64]
    os: [linux]

  '@oxlint/linux-x64-gnu@1.35.0':
    resolution: {integrity: sha512-HDMPOzyVVy+rQl3H7UOq8oGHt7m1yaiWCanlhAu4jciK8dvXeO9OG/OQd74lD/h05IcJh93pCLEJ3wWOG8hTiQ==}
    cpu: [x64]
    os: [linux]

  '@oxlint/linux-x64-musl@1.35.0':
    resolution: {integrity: sha512-kAPBBsUOM3HQQ6n3nnZauvFR9EoXqCSoj4O3OSXXarzsRTiItNrHabVUwxeswZEc+xMzQNR0FHEWg/d4QAAWLw==}
    cpu: [x64]
    os: [linux]

  '@oxlint/win32-arm64@1.35.0':
    resolution: {integrity: sha512-qrpBkkOASS0WT8ra9xmBRXOEliN6D/MV9JhI/68lFHrtLhfFuRwg4AjzjxrCWrQCnQ0WkvAVpJzu73F4ICLYZw==}
    cpu: [arm64]
    os: [win32]

  '@oxlint/win32-x64@1.35.0':
    resolution: {integrity: sha512-yPFcj6umrhusnG/kMS5wh96vblsqZ0kArQJS+7kEOSJDrH+DsFWaDCsSRF8U6gmSmZJ26KVMU3C3TMpqDN4M1g==}
    cpu: [x64]
    os: [win32]

  '@rolldown/binding-android-arm64@1.0.0-beta.57':
    resolution: {integrity: sha512-GoOVDy8bjw9z1K30Oo803nSzXJS/vWhFijFsW3kzvZCO8IZwFnNa6pGctmbbJstKl3Fv6UBwyjJQN6msejW0IQ==}
    engines: {node: ^20.19.0 || >=22.12.0}
    cpu: [arm64]
    os: [android]

  '@rolldown/binding-darwin-arm64@1.0.0-beta.57':
    resolution: {integrity: sha512-9c4FOhRGpl+PX7zBK5p17c5efpF9aSpTPgyigv57hXf5NjQUaJOOiejPLAtFiKNBIfm5Uu6yFkvLKzOafNvlTw==}
    engines: {node: ^20.19.0 || >=22.12.0}
    cpu: [arm64]
    os: [darwin]

  '@rolldown/binding-darwin-x64@1.0.0-beta.57':
    resolution: {integrity: sha512-6RsB8Qy4LnGqNGJJC/8uWeLWGOvbRL/KG5aJ8XXpSEupg/KQtlBEiFaYU/Ma5Usj1s+bt3ItkqZYAI50kSplBA==}
    engines: {node: ^20.19.0 || >=22.12.0}
    cpu: [x64]
    os: [darwin]

  '@rolldown/binding-freebsd-x64@1.0.0-beta.57':
    resolution: {integrity: sha512-uA9kG7+MYkHTbqwv67Tx+5GV5YcKd33HCJIi0311iYBd25yuwyIqvJfBdt1VVB8tdOlyTb9cPAgfCki8nhwTQg==}
    engines: {node: ^20.19.0 || >=22.12.0}
    cpu: [x64]
    os: [freebsd]

  '@rolldown/binding-linux-arm-gnueabihf@1.0.0-beta.57':
    resolution: {integrity: sha512-3KkS0cHsllT2T+Te+VZMKHNw6FPQihYsQh+8J4jkzwgvAQpbsbXmrqhkw3YU/QGRrD8qgcOvBr6z5y6Jid+rmw==}
    engines: {node: ^20.19.0 || >=22.12.0}
    cpu: [arm]
    os: [linux]

  '@rolldown/binding-linux-arm64-gnu@1.0.0-beta.57':
    resolution: {integrity: sha512-A3/wu1RgsHhqP3rVH2+sM81bpk+Qd2XaHTl8LtX5/1LNR7QVBFBCpAoiXwjTdGnI5cMdBVi7Z1pi52euW760Fw==}
    engines: {node: ^20.19.0 || >=22.12.0}
    cpu: [arm64]
    os: [linux]

  '@rolldown/binding-linux-arm64-musl@1.0.0-beta.57':
    resolution: {integrity: sha512-d0kIVezTQtazpyWjiJIn5to8JlwfKITDqwsFv0Xc6s31N16CD2PC/Pl2OtKgS7n8WLOJbfqgIp5ixYzTAxCqMg==}
    engines: {node: ^20.19.0 || >=22.12.0}
    cpu: [arm64]
    os: [linux]

  '@rolldown/binding-linux-x64-gnu@1.0.0-beta.57':
    resolution: {integrity: sha512-E199LPijo98yrLjPCmETx8EF43sZf9t3guSrLee/ej1rCCc3zDVTR4xFfN9BRAapGVl7/8hYqbbiQPTkv73kUg==}
    engines: {node: ^20.19.0 || >=22.12.0}
    cpu: [x64]
    os: [linux]

  '@rolldown/binding-linux-x64-musl@1.0.0-beta.57':
    resolution: {integrity: sha512-++EQDpk/UJ33kY/BNsh7A7/P1sr/jbMuQ8cE554ZIy+tCUWCivo9zfyjDUoiMdnxqX6HLJEqqGnbGQOvzm2OMQ==}
    engines: {node: ^20.19.0 || >=22.12.0}
    cpu: [x64]
    os: [linux]

  '@rolldown/binding-openharmony-arm64@1.0.0-beta.57':
    resolution: {integrity: sha512-voDEBcNqxbUv/GeXKFtxXVWA+H45P/8Dec4Ii/SbyJyGvCqV1j+nNHfnFUIiRQ2Q40DwPe/djvgYBs9PpETiMA==}
    engines: {node: ^20.19.0 || >=22.12.0}
    cpu: [arm64]
    os: [openharmony]

  '@rolldown/binding-wasm32-wasi@1.0.0-beta.57':
    resolution: {integrity: sha512-bRhcF7NLlCnpkzLVlVhrDEd0KH22VbTPkPTbMjlYvqhSmarxNIq5vtlQS8qmV7LkPKHrNLWyJW/V/sOyFba26Q==}
    engines: {node: '>=14.0.0'}
    cpu: [wasm32]

  '@rolldown/binding-win32-arm64-msvc@1.0.0-beta.57':
    resolution: {integrity: sha512-rnDVGRks2FQ2hgJ2g15pHtfxqkGFGjJQUDWzYznEkE8Ra2+Vag9OffxdbJMZqBWXHVM0iS4dv8qSiEn7bO+n1Q==}
    engines: {node: ^20.19.0 || >=22.12.0}
    cpu: [arm64]
    os: [win32]

  '@rolldown/binding-win32-x64-msvc@1.0.0-beta.57':
    resolution: {integrity: sha512-OqIUyNid1M4xTj6VRXp/Lht/qIP8fo25QyAZlCP+p6D2ATCEhyW4ZIFLnC9zAGN/HMbXoCzvwfa8Jjg/8J4YEg==}
    engines: {node: ^20.19.0 || >=22.12.0}
    cpu: [x64]
    os: [win32]

  '@rolldown/pluginutils@1.0.0-beta.57':
    resolution: {integrity: sha512-aQNelgx14tGA+n2tNSa9x6/jeoCL9fkDeCei7nOKnHx0fEFRRMu5ReiITo+zZD5TzWDGGRjbSYCs93IfRIyTuQ==}

  '@tybys/wasm-util@0.10.1':
    resolution: {integrity: sha512-9tTaPJLSiejZKx+Bmog4uSubteqTvFrVrURwkmHixBo0G4seD0zUxp98E1DzUBJxLQ3NPwXrGKDiVjwx/DpPsg==}

  '@types/node@22.19.3':
    resolution: {integrity: sha512-1N9SBnWYOJTrNZCdh/yJE+t910Y128BoyY+zBLWhL3r0TYzlTmFdXrPwHL9DyFZmlEXNQQolTZh3KHV31QDhyA==}

  esbuild@0.27.2:
    resolution: {integrity: sha512-HyNQImnsOC7X9PMNaCIeAm4ISCQXs5a5YasTXVliKv4uuBo1dKrG0A+uQS8M5eXjVMnLg3WgXaKvprHlFJQffw==}
    engines: {node: '>=18'}
    hasBin: true

  fsevents@2.3.3:
    resolution: {integrity: sha512-5xoDfX+fL7faATnagmWPpbFtwh/R77WmMMqqHGS65C3vvB0YHrgF+B1YmZ3441tMj5n63k0212XNoJwzlhffQw==}
    engines: {node: ^8.16.0 || ^10.6.0 || >=11.0.0}
    os: [darwin]

  get-tsconfig@4.13.0:
    resolution: {integrity: sha512-1VKTZJCwBrvbd+Wn3AOgQP/2Av+TfTCOlE4AcRJE72W1ksZXbAx8PPBR9RzgTeSPzlPMHrbANMH3LbltH73wxQ==}

  husky@6.0.0:
    resolution: {integrity: sha512-SQS2gDTB7tBN486QSoKPKQItZw97BMOd+Kdb6ghfpBc0yXyzrddI0oDV5MkDAbuB4X2mO3/nj60TRMcYxwzZeQ==}
    hasBin: true

  oxfmt@0.20.0:
    resolution: {integrity: sha512-+7f8eV8iaK3tENN/FUVxZM1g78HjPehybN8/+/dvEA1O893Dcvk6O7/Q1wTQOHMD7wvdwWdujKl+Uo8QMiKDrQ==}
    engines: {node: ^20.19.0 || >=22.12.0}
    hasBin: true

  oxlint-tsgolint@0.10.0:
    resolution: {integrity: sha512-LDDSIu5J/4D4gFUuQQIEQpAC6maNEbMg4nC8JL/+Pe0cUDR86dtVZ09E2x5MwCh8f9yfktoaxt5x6UIVyzrajg==}
    hasBin: true

  oxlint@1.35.0:
    resolution: {integrity: sha512-QDX1aUgaiqznkGfTM2qHwva2wtKqhVoqPSVXrnPz+yLUhlNadikD3QRuRtppHl7WGuy3wG6nKAuR8lash3aWSg==}
    engines: {node: ^20.19.0 || >=22.12.0}
    hasBin: true
    peerDependencies:
      oxlint-tsgolint: '>=0.10.0'
    peerDependenciesMeta:
      oxlint-tsgolint:
        optional: true

  resolve-pkg-maps@1.0.0:
    resolution: {integrity: sha512-seS2Tj26TBVOC2NIc2rOe2y2ZO7efxITtLZcGSOnHHNOQ7CkiUBfw0Iw2ck6xkIhPwLhKNLS8BO+hEpngQlqzw==}

  rolldown@1.0.0-beta.57:
    resolution: {integrity: sha512-lMMxcNN71GMsSko8RyeTaFoATHkCh4IWU7pYF73ziMYjhHZWfVesC6GQ+iaJCvZmVjvgSks9Ks1aaqEkBd8udg==}
    engines: {node: ^20.19.0 || >=22.12.0}
    hasBin: true

  tinypool@2.0.0:
    resolution: {integrity: sha512-/RX9RzeH2xU5ADE7n2Ykvmi9ED3FBGPAjw9u3zucrNNaEBIO0HPSYgL0NT7+3p147ojeSdaVu08F6hjpv31HJg==}
    engines: {node: ^20.0.0 || >=22.0.0}

  tslib@2.8.1:
    resolution: {integrity: sha512-oJFu94HQb+KVduSUQL7wnpmqnfmLsOA/nAh6b6EH0wCEoK0/mPeXU6c3wKDV83MkOuHPRHtSXKKU99IBazS/2w==}

  tsx@4.21.0:
    resolution: {integrity: sha512-5C1sg4USs1lfG0GFb2RLXsdpXqBSEhAaA/0kPL01wxzpMqLILNxIxIOKiILz+cdg/pLnOUxFYOR5yhHU666wbw==}
    engines: {node: '>=18.0.0'}
    hasBin: true

  typescript@5.9.3:
    resolution: {integrity: sha512-jl1vZzPDinLr9eUt3J/t7V6FgNEw9QjvBPdysz9KfQDD41fQrC2Y4vKQdiaUpFT4bXlb1RHhLpp8wtm6M5TgSw==}
    engines: {node: '>=14.17'}
    hasBin: true

  undici-types@6.21.0:
    resolution: {integrity: sha512-iwDZqg0QAGrg9Rav5H4n0M64c3mkR59cJ6wQp+7C4nI0gsmExaedaYLNO44eT4AtBBwjbTiGPMlt2Md0T9H9JQ==}

snapshots:

  '@emnapi/core@1.7.1':
    dependencies:
      '@emnapi/wasi-threads': 1.1.0
      tslib: 2.8.1
    optional: true

  '@emnapi/runtime@1.7.1':
    dependencies:
      tslib: 2.8.1
    optional: true

  '@emnapi/wasi-threads@1.1.0':
    dependencies:
      tslib: 2.8.1
    optional: true

  '@esbuild/aix-ppc64@0.27.2':
    optional: true

  '@esbuild/android-arm64@0.27.2':
    optional: true

  '@esbuild/android-arm@0.27.2':
    optional: true

  '@esbuild/android-x64@0.27.2':
    optional: true

  '@esbuild/darwin-arm64@0.27.2':
    optional: true

  '@esbuild/darwin-x64@0.27.2':
    optional: true

  '@esbuild/freebsd-arm64@0.27.2':
    optional: true

  '@esbuild/freebsd-x64@0.27.2':
    optional: true

  '@esbuild/linux-arm64@0.27.2':
    optional: true

  '@esbuild/linux-arm@0.27.2':
    optional: true

  '@esbuild/linux-ia32@0.27.2':
    optional: true

  '@esbuild/linux-loong64@0.27.2':
    optional: true

  '@esbuild/linux-mips64el@0.27.2':
    optional: true

  '@esbuild/linux-ppc64@0.27.2':
    optional: true

  '@esbuild/linux-riscv64@0.27.2':
    optional: true

  '@esbuild/linux-s390x@0.27.2':
    optional: true

  '@esbuild/linux-x64@0.27.2':
    optional: true

  '@esbuild/netbsd-arm64@0.27.2':
    optional: true

  '@esbuild/netbsd-x64@0.27.2':
    optional: true

  '@esbuild/openbsd-arm64@0.27.2':
    optional: true

  '@esbuild/openbsd-x64@0.27.2':
    optional: true

  '@esbuild/openharmony-arm64@0.27.2':
    optional: true

  '@esbuild/sunos-x64@0.27.2':
    optional: true

  '@esbuild/win32-arm64@0.27.2':
    optional: true

  '@esbuild/win32-ia32@0.27.2':
    optional: true

  '@esbuild/win32-x64@0.27.2':
    optional: true

  '@napi-rs/wasm-runtime@1.1.0':
    dependencies:
      '@emnapi/core': 1.7.1
      '@emnapi/runtime': 1.7.1
      '@tybys/wasm-util': 0.10.1
    optional: true

  '@oxc-project/types@0.103.0': {}

  '@oxfmt/darwin-arm64@0.20.0':
    optional: true

  '@oxfmt/darwin-x64@0.20.0':
    optional: true

  '@oxfmt/linux-arm64-gnu@0.20.0':
    optional: true

  '@oxfmt/linux-arm64-musl@0.20.0':
    optional: true

  '@oxfmt/linux-x64-gnu@0.20.0':
    optional: true

  '@oxfmt/linux-x64-musl@0.20.0':
    optional: true

  '@oxfmt/win32-arm64@0.20.0':
    optional: true

  '@oxfmt/win32-x64@0.20.0':
    optional: true

  '@oxlint-tsgolint/darwin-arm64@0.10.0':
    optional: true

  '@oxlint-tsgolint/darwin-x64@0.10.0':
    optional: true

  '@oxlint-tsgolint/linux-arm64@0.10.0':
    optional: true

  '@oxlint-tsgolint/linux-x64@0.10.0':
    optional: true

  '@oxlint-tsgolint/win32-arm64@0.10.0':
    optional: true

  '@oxlint-tsgolint/win32-x64@0.10.0':
    optional: true

  '@oxlint/darwin-arm64@1.35.0':
    optional: true

  '@oxlint/darwin-x64@1.35.0':
    optional: true

  '@oxlint/linux-arm64-gnu@1.35.0':
    optional: true

  '@oxlint/linux-arm64-musl@1.35.0':
    optional: true

  '@oxlint/linux-x64-gnu@1.35.0':
    optional: true

  '@oxlint/linux-x64-musl@1.35.0':
    optional: true

  '@oxlint/win32-arm64@1.35.0':
    optional: true

  '@oxlint/win32-x64@1.35.0':
    optional: true

  '@rolldown/binding-android-arm64@1.0.0-beta.57':
    optional: true

  '@rolldown/binding-darwin-arm64@1.0.0-beta.57':
    optional: true

  '@rolldown/binding-darwin-x64@1.0.0-beta.57':
    optional: true

  '@rolldown/binding-freebsd-x64@1.0.0-beta.57':
    optional: true

  '@rolldown/binding-linux-arm-gnueabihf@1.0.0-beta.57':
    optional: true

  '@rolldown/binding-linux-arm64-gnu@1.0.0-beta.57':
    optional: true

  '@rolldown/binding-linux-arm64-musl@1.0.0-beta.57':
    optional: true

  '@rolldown/binding-linux-x64-gnu@1.0.0-beta.57':
    optional: true

  '@rolldown/binding-linux-x64-musl@1.0.0-beta.57':
    optional: true

  '@rolldown/binding-openharmony-arm64@1.0.0-beta.57':
    optional: true

  '@rolldown/binding-wasm32-wasi@1.0.0-beta.57':
    dependencies:
      '@napi-rs/wasm-runtime': 1.1.0
    optional: true

  '@rolldown/binding-win32-arm64-msvc@1.0.0-beta.57':
    optional: true

  '@rolldown/binding-win32-x64-msvc@1.0.0-beta.57':
    optional: true

  '@rolldown/pluginutils@1.0.0-beta.57': {}

  '@tybys/wasm-util@0.10.1':
    dependencies:
      tslib: 2.8.1
    optional: true

  '@types/node@22.19.3':
    dependencies:
      undici-types: 6.21.0

  esbuild@0.27.2:
    optionalDependencies:
      '@esbuild/aix-ppc64': 0.27.2
      '@esbuild/android-arm': 0.27.2
      '@esbuild/android-arm64': 0.27.2
      '@esbuild/android-x64': 0.27.2
      '@esbuild/darwin-arm64': 0.27.2
      '@esbuild/darwin-x64': 0.27.2
      '@esbuild/freebsd-arm64': 0.27.2
      '@esbuild/freebsd-x64': 0.27.2
      '@esbuild/linux-arm': 0.27.2
      '@esbuild/linux-arm64': 0.27.2
      '@esbuild/linux-ia32': 0.27.2
      '@esbuild/linux-loong64': 0.27.2
      '@esbuild/linux-mips64el': 0.27.2
      '@esbuild/linux-ppc64': 0.27.2
      '@esbuild/linux-riscv64': 0.27.2
      '@esbuild/linux-s390x': 0.27.2
      '@esbuild/linux-x64': 0.27.2
      '@esbuild/netbsd-arm64': 0.27.2
      '@esbuild/netbsd-x64': 0.27.2
      '@esbuild/openbsd-arm64': 0.27.2
      '@esbuild/openbsd-x64': 0.27.2
      '@esbuild/openharmony-arm64': 0.27.2
      '@esbuild/sunos-x64': 0.27.2
      '@esbuild/win32-arm64': 0.27.2
      '@esbuild/win32-ia32': 0.27.2
      '@esbuild/win32-x64': 0.27.2

  fsevents@2.3.3:
    optional: true

  get-tsconfig@4.13.0:
    dependencies:
      resolve-pkg-maps: 1.0.0

  husky@6.0.0: {}

  oxfmt@0.20.0:
    dependencies:
      tinypool: 2.0.0
    optionalDependencies:
      '@oxfmt/darwin-arm64': 0.20.0
      '@oxfmt/darwin-x64': 0.20.0
      '@oxfmt/linux-arm64-gnu': 0.20.0
      '@oxfmt/linux-arm64-musl': 0.20.0
      '@oxfmt/linux-x64-gnu': 0.20.0
      '@oxfmt/linux-x64-musl': 0.20.0
      '@oxfmt/win32-arm64': 0.20.0
      '@oxfmt/win32-x64': 0.20.0

  oxlint-tsgolint@0.10.0:
    optionalDependencies:
      '@oxlint-tsgolint/darwin-arm64': 0.10.0
      '@oxlint-tsgolint/darwin-x64': 0.10.0
      '@oxlint-tsgolint/linux-arm64': 0.10.0
      '@oxlint-tsgolint/linux-x64': 0.10.0
      '@oxlint-tsgolint/win32-arm64': 0.10.0
      '@oxlint-tsgolint/win32-x64': 0.10.0

  oxlint@1.35.0(oxlint-tsgolint@0.10.0):
    optionalDependencies:
      '@oxlint/darwin-arm64': 1.35.0
      '@oxlint/darwin-x64': 1.35.0
      '@oxlint/linux-arm64-gnu': 1.35.0
      '@oxlint/linux-arm64-musl': 1.35.0
      '@oxlint/linux-x64-gnu': 1.35.0
      '@oxlint/linux-x64-musl': 1.35.0
      '@oxlint/win32-arm64': 1.35.0
      '@oxlint/win32-x64': 1.35.0
      oxlint-tsgolint: 0.10.0

  resolve-pkg-maps@1.0.0: {}

  rolldown@1.0.0-beta.57:
    dependencies:
      '@oxc-project/types': 0.103.0
      '@rolldown/pluginutils': 1.0.0-beta.57
    optionalDependencies:
      '@rolldown/binding-android-arm64': 1.0.0-beta.57
      '@rolldown/binding-darwin-arm64': 1.0.0-beta.57
      '@rolldown/binding-darwin-x64': 1.0.0-beta.57
      '@rolldown/binding-freebsd-x64': 1.0.0-beta.57
      '@rolldown/binding-linux-arm-gnueabihf': 1.0.0-beta.57
      '@rolldown/binding-linux-arm64-gnu': 1.0.0-beta.57
      '@rolldown/binding-linux-arm64-musl': 1.0.0-beta.57
      '@rolldown/binding-linux-x64-gnu': 1.0.0-beta.57
      '@rolldown/binding-linux-x64-musl': 1.0.0-beta.57
      '@rolldown/binding-openharmony-arm64': 1.0.0-beta.57
      '@rolldown/binding-wasm32-wasi': 1.0.0-beta.57
      '@rolldown/binding-win32-arm64-msvc': 1.0.0-beta.57
      '@rolldown/binding-win32-x64-msvc': 1.0.0-beta.57

  tinypool@2.0.0: {}

  tslib@2.8.1:
    optional: true

  tsx@4.21.0:
    dependencies:
      esbuild: 0.27.2
      get-tsconfig: 4.13.0
    optionalDependencies:
      fsevents: 2.3.3

  typescript@5.9.3: {}

  undici-types@6.21.0: {}
